{
    "_readme": [
        "This file locks the dependencies of your project to a known state",
        "Read more about it at https://getcomposer.org/doc/01-basic-usage.md#installing-dependencies",
        "This file is @generated automatically"
    ],
    "content-hash": "d906c5b0ae08b397ae4e82c054d9271e",
    "packages": [
        {
            "name": "components/font-awesome",
            "version": "6.5.2",
            "source": {
                "type": "git",
                "url": "https://github.com/components/font-awesome.git",
                "reference": "399200378d29bacb524c0e19318ea5ff5d74aa7f"
            },
            "dist": {
                "type": "zip",
                "url": "https://api.github.com/repos/components/font-awesome/zipball/399200378d29bacb524c0e19318ea5ff5d74aa7f",
                "reference": "399200378d29bacb524c0e19318ea5ff5d74aa7f",
                "shasum": ""
            },
            "type": "component",
            "extra": {
                "component": {
                    "files": [
                        "css/all.min.css",
                        "webfonts/*"
                    ],
                    "styles": [
                        "css/all.css"
                    ]
                }
            },
            "notification-url": "https://packagist.org/downloads/",
            "license": [
                "CC-BY-4.0",
                "MIT",
                "OFL-1.1"
            ],
            "description": "Font Awesome, the iconic SVG, font, and CSS framework.",
            "support": {
                "issues": "https://github.com/components/font-awesome/issues",
                "source": "https://github.com/components/font-awesome/tree/6.5.2"
            },
            "time": "2024-04-08T15:15:22+00:00"
        },
        {
            "name": "tecnickcom/tcpdf",
            "version": "6.11.3",
            "source": {
                "type": "git",
                "url": "https://github.com/tecnickcom/TCPDF.git",
                "reference": "b18f6119161019916c5bb07cb8da5205ae5c1b63"
            },
            "dist": {
                "type": "zip",
                "url": "https://api.github.com/repos/tecnickcom/TCPDF/zipball/b18f6119161019916c5bb07cb8da5205ae5c1b63",
                "reference": "b18f6119161019916c5bb07cb8da5205ae5c1b63",
                "shasum": ""
            },
            "require": {
                "ext-curl": "*",
                "php": ">=7.1.0"
            },
            "suggest": {
                "ext-gd": "Enables additional image handling in some workflows.",
                "ext-imagick": "Enables additional image format support when available.",
                "ext-zlib": "Recommended for compressed streams and related features.",
                "tecnickcom/tc-lib-pdf": "Modern replacement for TCPDF for new projects."
            },
            "type": "library",
            "autoload": {
                "classmap": [
                    "config",
                    "include",
                    "tcpdf.php",
                    "tcpdf_barcodes_1d.php",
                    "tcpdf_barcodes_2d.php",
                    "include/tcpdf_colors.php",
                    "include/tcpdf_filters.php",
                    "include/tcpdf_font_data.php",
                    "include/tcpdf_fonts.php",
                    "include/tcpdf_images.php",
                    "include/tcpdf_static.php",
                    "include/barcodes/datamatrix.php",
                    "include/barcodes/pdf417.php",
                    "include/barcodes/qrcode.php"
                ]
            },
            "notification-url": "https://packagist.org/downloads/",
            "license": [
                "LGPL-3.0-or-later"
            ],
            "authors": [
                {
                    "name": "Nicola Asuni",
                    "email": "info@tecnick.com",
                    "role": "lead"
                }
            ],
            "description": "Deprecated legacy PDF engine for PHP. For new projects use tecnickcom/tc-lib-pdf.",
            "homepage": "https://tcpdf.org",
            "keywords": [
                "PDFD32000-2008",
                "TCPDF",
                "barcodes",
                "datamatrix",
                "pdf",
                "pdf417",
                "qrcode"
            ],
            "support": {
                "issues": "https://github.com/tecnickcom/TCPDF/issues",
                "source": "https://github.com/tecnickcom/TCPDF"
            },
            "funding": [
                {
                    "url": "https://www.paypal.com/donate/?hosted_button_id=NZUEC5XS8MFBJ",
                    "type": "paypal"
                }
            ],
            "time": "2026-04-21T17:00:18+00:00"
        },
        {
            "name": "twbs/bootstrap",
            "version": "v5.3.8",
            "source": {
                "type": "git",
                "url": "https://github.com/twbs/bootstrap.git",
                "reference": "25aa8cc0b32f0d1a54be575347e6d84b70b1acd7"
            },
            "dist": {
                "type": "zip",
                "url": "https://api.github.com/repos/twbs/bootstrap/zipball/25aa8cc0b32f0d1a54be575347e6d84b70b1acd7",
                "reference": "25aa8cc0b32f0d1a54be575347e6d84b70b1acd7",
                "shasum": ""
            },
            "replace": {
                "twitter/bootstrap": "self.version"
            },
            "type": "library",
            "notification-url": "https://packagist.org/downloads/",
            "license": [
                "MIT"
            ],
            "authors": [
                {
                    "name": "Mark Otto",
                    "email": "markdotto@gmail.com"
                },
                {
                    "name": "Jacob Thornton",
                    "email": "jacobthornton@gmail.com"
                }
            ],
            "description": "The most popular front-end framework for developing responsive, mobile first projects on the web.",
            "homepage": "https://getbootstrap.com/",
            "keywords": [
                "JS",
                "css",
                "framework",
                "front-end",
                "mobile-first",
                "responsive",
                "sass",
                "web"
            ],
            "support": {
                "issues": "https://github.com/twbs/bootstrap/issues",
                "source": "https://github.com/twbs/bootstrap/tree/v5.3.8"
            },
            "time": "2025-08-26T02:01:02+00:00"
        },
        {
            "name": "typisttech/imposter",
            "version": "0.6.1",
            "source": {
                "type": "git",
                "url": "https://github.com/TypistTech/imposter.git",
                "reference": "f52b1a2289d2ea9c660cf9595085d0b11469af83"
            },
            "dist": {
                "type": "zip",
                "url": "https://api.github.com/repos/TypistTech/imposter/zipball/f52b1a2289d2ea9c660cf9595085d0b11469af83",
                "reference": "f52b1a2289d2ea9c660cf9595085d0b11469af83",
                "shasum": ""
            },
            "require": {
                "ext-json": "*",
                "php": "^7.3 || ^8.0"
            },
            "require-dev": {
                "codeception/codeception": "^4.1",
                "codeception/mockery-module": "^0.4.0",
                "codeception/module-asserts": "^1.3",
                "codeception/module-filesystem": "^1.0",
                "squizlabs/php_codesniffer": "^3.5"
            },
            "suggest": {
                "typisttech/imposter-plugin": "Composer plugin to integrate composer and imposter"
            },
            "type": "library",
            "extra": {
                "branch-alias": {
                    "dev-master": "0.6.x-dev"
                }
            },
            "autoload": {
                "psr-4": {
                    "TypistTech\\Imposter\\": "src"
                }
            },
            "notification-url": "https://packagist.org/downloads/",
            "license": [
                "MIT"
            ],
            "authors": [
                {
                    "name": "Typist Tech",
                    "email": "imposter@typist.tech",
                    "homepage": "https://typist.tech"
                },
                {
                    "name": "Tang Rufus",
                    "email": "tangrufus@gmail.com",
                    "homepage": "https://typist.tech",
                    "role": "Developer"
                }
            ],
            "description": "Wrapping all composer vendor packages inside your own namespace. Intended for WordPress plugins.",
            "homepage": "https://github.com/TypistTech/imposter",
            "keywords": [
                "composer",
                "dependency",
                "monkey-patching",
                "namespace",
                "wordpress"
            ],
            "support": {
                "email": "imposter@typist.tech",
                "issues": "https://github.com/TypistTech/imposter/issues",
                "source": "https://github.com/TypistTech/imposter"
            },
            "funding": [
                {
                    "url": "https://typist.tech/donation/",
                    "type": "custom"
                },
                {
                    "url": "https://www.paypal.me/iAmTangRufus/30usd",
                    "type": "custom"
                },
                {
                    "url": "https://github.com/tangrufus",
                    "type": "github"
                }
            ],
            "time": "2020-12-06T22:57:09+00:00"
        }
    ],
    "packages-dev": [],
    "aliases": [],
    "minimum-stability": "stable",
    "stability-flags": {},
    "prefer-stable": false,
    "prefer-lowest": false,
    "platform": {},
    "platform-dev": {},
    "plugin-api-version": "2.9.0"
}
